{
  "name": "url-shortener-backend",
  "version": "1.0.0",
  "lockfileVersion": 3,
  "requires": true,
  "packages": {
    "": {
      "name": "url-shortener-backend",
      "version": "1.0.0",
      "license": "ISC",
      "dependencies": {
        "amqplib": "^0.10.3",
        "bcryptjs": "^2.4.3",
        "cors": "^2.8.5",
        "dotenv": "^16.3.1",
        "express": "^4.18.2",
        "jsonwebtoken": "^9.0.2",
        "nanoid": "^3.3.6",
        "pg": "^8.11.3",
        "redis": "^4.6.10"
      },
      "devDependencies": {
        "nodemon": "^3.0.1"
      }
    },
    "node_modules/amqplib": {
      "version": "0.10.3",
      "resolved": "https://registry.npmjs.org/amqplib/-/amqplib-0.10.3.tgz",
      "integrity": "sha512-NXEd32b50x2v6p4a8f++CQ33EU99ccy2d4e082855fFRsLS4DsQJ52eP407VI5it2QXJftr52Gk7T7/aTUD1A==",
      "dependencies": {
        "bitsyntax": "~0.1.0",
        "bluebird": "^3.7.2",
        "buffer-more-ints": "~1.0.0",
        "readable-stream": "^3.6.0"
      }
    },
    "node_modules/bcryptjs": {
      "version": "2.4.3",
      "resolved": "https://registry.npmjs.org/bcryptjs/-/bcryptjs-2.4.3.tgz",
      "integrity": "sha512-wsSQ9zDSi6Bzen1b6iQAnD9na/3Je2R1dprci2YJdhmjmf2vQdCfqjtpyGYr3xatI26L4s2ds5i/1xW2kC5Iew=="
    },
    "node_modules/cors": {
      "version": "2.8.5",
      "resolved": "https://registry.npmjs.org/cors/-/cors-2.8.5.tgz",
      "integrity": "sha512-II+l+eV/2eOuu1i71scdvyF1vQSHBf9d9jokThDqjEVy/cUOza1iE5eIi7eYain/qpFrRiJFxRX2oBgVtKXhcg=="
    },
    "node_modules/dotenv": {
      "version": "16.3.1",
      "resolved": "https://registry.npmjs.org/dotenv/-/dotenv-16.3.1.tgz",
      "integrity": "sha512-IPGQdyonhjm7z3ybdtBaceiWTQ8R6Iu62spatJt16k9ssg1Lg6OAm2F-UnPsBrJ2KIMQG0a2iBnaFjOOMJ8+RA=="
    },
    "node_modules/express": {
      "version": "4.18.2",
      "resolved": "https://registry.npmjs.org/express/-/express-4.18.2.tgz",
      "integrity": "sha512-5/PsL6iGPdfQ/l3vvs1x+Gg6DRCg9aMSyOq2tOPutCU5IflBfcePTEZztBf+T/l10s4i79BSabMta4h6nve4Tw=="
    },
    "node_modules/jsonwebtoken": {
      "version": "9.0.2",
      "resolved": "https://registry.npmjs.org/jsonwebtoken/-/jsonwebtoken-9.0.2.tgz",
      "integrity": "sha512-PRp665iDT5l4oG524DRh8e3sOLkeD68dOa6ywEgtp4y4K1I8LS1L53L1sK7T7gE3zA4T10j9HwHhNnMBm7sEJA=="
    },
    "node_modules/nanoid": {
      "version": "3.3.6",
      "resolved": "https://registry.npmjs.org/nanoid/-/nanoid-3.3.6.tgz",
      "integrity": "sha512-BGcqMMt4eGHyT4VimVb2XAdUb59OQiJ1aB2t5MMhscLUSiB3K2a2n4PCu28DQH2Xix6yG2yJ29O/2gYgS4nSGA=="
    },
    "node_modules/nodemon": {
      "version": "3.0.1",
      "resolved": "https://registry.npmjs.org/nodemon/-/nodemon-3.0.1.tgz",
      "integrity": "sha512-i/3ro9e2aA55h6x5a23fI2pTOSLdn5yB63QzH5H+Yd4tQBP5fD+u2k4+7K9aQWkmu6hV60b4wY/2e0s2tBWRg==",
      "dev": true
    },
    "node_modules/pg": {
      "version": "8.11.3",
      "resolved": "https://registry.npmjs.org/pg/-/pg-8.11.3.tgz",
      "integrity": "sha512-LL33SQcP4oExIeOQwsd0NUR22s40J+440K54bM3f2T8iOPoVbGoT/XqgDqjFGgI8k61dKua71ag4K7s214gG2w==",
      "dependencies": {
        "pgpass": "1.0.5"
      }
    },
    "node_modules/pgpass": {
      "version": "1.0.5",
      "resolved": "https://registry.npmjs.org/pgpass/-/pgpass-1.0.5.tgz",
      "integrity": "sha512-FdW9r/jQZhSeohs1Z3sfrUgzJ7lIguYxZI6l/ie5E1U1kU6jlNqQUStj2pa23xkZYKjxHnsER6yTjm9CWl2RUg=="
    },
    "node_modules/redis": {
      "version": "4.6.10",
      "resolved": "https://registry.npmjs.org/redis/-/redis-4.6.10.tgz",
      "integrity": "sha512-3J15712qC9y9u6Spb+B3yGzQbr/sMSM0dNfD6zT2I7A5Q9IOMbgqg0GPkXf/I5oBf4u5U961Kq/3B/M27h2+rA=="
    }
  }
}
